// !$*UTF8*$!
{
	archiveVersion = 1;
	classes = {
	};
	objectVersion = 77;
	objects = {

/* Begin PBXBuildFile section */
		326262882FC455B3001B46C0 /* MarkdownUI in Frameworks */ = {isa = PBXBuildFile; productRef = 326262872FC455B3001B46C0 /* MarkdownUI */; };
		329490EE300B703100FA05C1 /* FluidAudio in Frameworks */ = {isa = PBXBuildFile; productRef = 32D1C7A22FE9A00000000002 /* FluidAudio */; };
		32B9B9192FD28D96007412B7 /* MLX in Frameworks */ = {isa = PBXBuildFile; productRef = 32B9B9182FD28D96007412B7 /* MLX */; };
		32B9B91B2FD28D96007412B7 /* MLXFast in Frameworks */ = {isa = PBXBuildFile; productRef = 32B9B91A2FD28D96007412B7 /* MLXFast */; };
		32B9B91D2FD28D96007412B7 /* MLXLinalg in Frameworks */ = {isa = PBXBuildFile; productRef = 32B9B91C2FD28D96007412B7 /* MLXLinalg */; };
		32B9B91F2FD28D96007412B7 /* MLXNN in Frameworks */ = {isa = PBXBuildFile; productRef = 32B9B91E2FD28D96007412B7 /* MLXNN */; };
		32B9B9212FD28D96007412B7 /* MLXRandom in Frameworks */ = {isa = PBXBuildFile; productRef = 32B9B9202FD28D96007412B7 /* MLXRandom */; };
		32B9B9242FD28DE8007412B7 /* MLXEmbedders in Frameworks */ = {isa = PBXBuildFile; productRef = 32B9B9232FD28DE8007412B7 /* MLXEmbedders */; };
		32B9B9262FD28DE8007412B7 /* MLXLLM in Frameworks */ = {isa = PBXBuildFile; productRef = 32B9B9252FD28DE8007412B7 /* MLXLLM */; };
		32B9B9282FD28DE8007412B7 /* MLXLMCommon in Frameworks */ = {isa = PBXBuildFile; productRef = 32B9B9272FD28DE8007412B7 /* MLXLMCommon */; };
		32B9B92D2FD29145007412B7 /* MLXHuggingFace in Frameworks */ = {isa = PBXBuildFile; productRef = 32B9B92C2FD29145007412B7 /* MLXHuggingFace */; };
		32B9B9302FD29174007412B7 /* HuggingFace in Frameworks */ = {isa = PBXBuildFile; productRef = 32B9B92F2FD29174007412B7 /* HuggingFace */; };
		32B9B9332FD2919E007412B7 /* Tokenizers in Frameworks */ = {isa = PBXBuildFile; productRef = 32B9B9322FD2919E007412B7 /* Tokenizers */; };
		32B9BABD2FD2B403007412B7 /* MLXVLM in Frameworks */ = {isa = PBXBuildFile; productRef = 32B9BABC2FD2B403007412B7 /* MLXVLM */; };
		32E984162FE17D62006447E9 /* KaozJS in Frameworks */ = {isa = PBXBuildFile; productRef = 32E984152FE17D62006447E9 /* KaozJS */; };
		32E984182FE17DA9006447E9 /* KaozJS in Frameworks */ = {isa = PBXBuildFile; productRef = 32E984172FE17DA9006447E9 /* KaozJS */; };
		695BFB0EA846385C7E243BD8 /* KaozKit in Frameworks */ = {isa = PBXBuildFile; productRef = 0FC4D1D1ECF21AFBF28151FA /* KaozKit */; };
		7DA1B2C3D4E5F60708090001 /* GRDB in Frameworks */ = {isa = PBXBuildFile; productRef = 7DA1B2C3D4E5F60708090002 /* GRDB */; };
		8A755345605B0A106EAE548F /* KaozJSCore in Frameworks */ = {isa = PBXBuildFile; productRef = 8565D6148A9AAC2125F21780 /* KaozJSCore */; };
		AABBCCDD11110000EEEE00B1 /* KaozMLX in Frameworks */ = {isa = PBXBuildFile; productRef = AABBCCDD11110000EEEE00B2 /* KaozMLX */; };
/* End PBXBuildFile section */

/* Begin PBXContainerItemProxy section */
		32DEB2142FC2F85600BA1D98 /* PBXContainerItemProxy */ = {
			isa = PBXContainerItemProxy;
			containerPortal = 32DEB1FE2FC2F85500BA1D98 /* Project object */;
			proxyType = 1;
			remoteGlobalIDString = 32DEB2052FC2F85500BA1D98;
			remoteInfo = TyKaoz;
		};
		32DEB21E2FC2F85600BA1D98 /* PBXContainerItemProxy */ = {
			isa = PBXContainerItemProxy;
			containerPortal = 32DEB1FE2FC2F85500BA1D98 /* Project object */;
			proxyType = 1;
			remoteGlobalIDString = 32DEB2052FC2F85500BA1D98;
			remoteInfo = TyKaoz;
		};
/* End PBXContainerItemProxy section */

/* Begin PBXFileReference section */
		32DEB2062FC2F85500BA1D98 /* TyKaoz.app */ = {isa = PBXFileReference; explicitFileType = wrapper.application; includeInIndex = 0; path = TyKaoz.app; sourceTree = BUILT_PRODUCTS_DIR; };
		32DEB2132FC2F85600BA1D98 /* TyKaozTests.xctest */ = {isa = PBXFileReference; explicitFileType = wrapper.cfbundle; includeInIndex = 0; path = TyKaozTests.xctest; sourceTree = BUILT_PRODUCTS_DIR; };
		32DEB21D2FC2F85600BA1D98 /* TyKaozUITests.xctest */ = {isa = PBXFileReference; explicitFileType = wrapper.cfbundle; includeInIndex = 0; path = TyKaozUITests.xctest; sourceTree = BUILT_PRODUCTS_DIR; };
/* End PBXFileReference section */

/* Begin PBXFileSystemSynchronizedRootGroup section */
		32DEB2082FC2F85500BA1D98 /* TyKaoz */ = {
			isa = PBXFileSystemSynchronizedRootGroup;
			path = TyKaoz;
			sourceTree = "<group>";
		};
		32DEB2162FC2F85600BA1D98 /* TyKaozTests */ = {
			isa = PBXFileSystemSynchronizedRootGroup;
			path = TyKaozTests;
			sourceTree = "<group>";
		};
		32DEB2202FC2F85600BA1D98 /* TyKaozUITests */ = {
			isa = PBXFileSystemSynchronizedRootGroup;
			path = TyKaozUITests;
			sourceTree = "<group>";
		};
/* End PBXFileSystemSynchronizedRootGroup section */

/* Begin PBXFrameworksBuildPhase section */
		32DEB2032FC2F85500BA1D98 /* Frameworks */ = {
			isa = PBXFrameworksBuildPhase;
			buildActionMask = 2147483647;
			files = (
				329490EE300B703100FA05C1 /* FluidAudio in Frameworks */,
				32B9B9282FD28DE8007412B7 /* MLXLMCommon in Frameworks */,
				32B9B9262FD28DE8007412B7 /* MLXLLM in Frameworks */,
				32B9B9242FD28DE8007412B7 /* MLXEmbedders in Frameworks */,
				32B9B9332FD2919E007412B7 /* Tokenizers in Frameworks */,
				32B9B91F2FD28D96007412B7 /* MLXNN in Frameworks */,
				32B9B92D2FD29145007412B7 /* MLXHuggingFace in Frameworks */,
				32B9B91D2FD28D96007412B7 /* MLXLinalg in Frameworks */,
				32B9B9192FD28D96007412B7 /* MLX in Frameworks */,
				326262882FC455B3001B46C0 /* MarkdownUI in Frameworks */,
				32B9B91B2FD28D96007412B7 /* MLXFast in Frameworks */,
				32B9BABD2FD2B403007412B7 /* MLXVLM in Frameworks */,
				7DA1B2C3D4E5F60708090001 /* GRDB in Frameworks */,
				32E984162FE17D62006447E9 /* KaozJS in Frameworks */,
				32B9B9212FD28D96007412B7 /* MLXRandom in Frameworks */,
				32B9B9302FD29174007412B7 /* HuggingFace in Frameworks */,
				8A755345605B0A106EAE548F /* KaozJSCore in Frameworks */,
				695BFB0EA846385C7E243BD8 /* KaozKit in Frameworks */,
				AABBCCDD11110000EEEE00B1 /* KaozMLX in Frameworks */,
			);
			runOnlyForDeploymentPostprocessing = 0;
		};
		32DEB2102FC2F85600BA1D98 /* Frameworks */ = {
			isa = PBXFrameworksBuildPhase;
			buildActionMask = 2147483647;
			files = (
				32E984182FE17DA9006447E9 /* KaozJS in Frameworks */,
			);
			runOnlyForDeploymentPostprocessing = 0;
		};
		32DEB21A2FC2F85600BA1D98 /* Frameworks */ = {
			isa = PBXFrameworksBuildPhase;
			buildActionMask = 2147483647;
			files = (
			);
			runOnlyForDeploymentPostprocessing = 0;
		};
/* End PBXFrameworksBuildPhase section */

/* Begin PBXGroup section */
		32B9B92B2FD29145007412B7 /* Frameworks */ = {
			isa = PBXGroup;
			children = (
			);
			name = Frameworks;
			sourceTree = "<group>";
		};
		32DEB1FD2FC2F85500BA1D98 = {
			isa = PBXGroup;
			children = (
				32DEB2082FC2F85500BA1D98 /* TyKaoz */,
				32DEB2162FC2F85600BA1D98 /* TyKaozTests */,
				32DEB2202FC2F85600BA1D98 /* TyKaozUITests */,
				32B9B92B2FD29145007412B7 /* Frameworks */,
				32DEB2072FC2F85500BA1D98 /* Products */,
			);
			sourceTree = "<group>";
		};
		32DEB2072FC2F85500BA1D98 /* Products */ = {
			isa = PBXGroup;
			children = (
				32DEB2062FC2F85500BA1D98 /* TyKaoz.app */,
				32DEB2132FC2F85600BA1D98 /* TyKaozTests.xctest */,
				32DEB21D2FC2F85600BA1D98 /* TyKaozUITests.xctest */,
			);
			name = Products;
			sourceTree = "<group>";
		};
/* End PBXGroup section */

/* Begin PBXNativeTarget section */
		32DEB2052FC2F85500BA1D98 /* TyKaoz */ = {
			isa = PBXNativeTarget;
			buildConfigurationList = 32DEB2272FC2F85600BA1D98 /* Build configuration list for PBXNativeTarget "TyKaoz" */;
			buildPhases = (
				32DEB2022FC2F85500BA1D98 /* Sources */,
				32DEB2032FC2F85500BA1D98 /* Frameworks */,
				32DEB2042FC2F85500BA1D98 /* Resources */,
			);
			buildRules = (
			);
			dependencies = (
			);
			fileSystemSynchronizedGroups = (
				32DEB2082FC2F85500BA1D98 /* TyKaoz */,
			);
			name = TyKaoz;
			packageProductDependencies = (
				326262872FC455B3001B46C0 /* MarkdownUI */,
				7DA1B2C3D4E5F60708090002 /* GRDB */,
				32B9B9182FD28D96007412B7 /* MLX */,
				32B9B91A2FD28D96007412B7 /* MLXFast */,
				32B9B91C2FD28D96007412B7 /* MLXLinalg */,
				32B9B91E2FD28D96007412B7 /* MLXNN */,
				32B9B9202FD28D96007412B7 /* MLXRandom */,
				32B9B9232FD28DE8007412B7 /* MLXEmbedders */,
				32B9B9252FD28DE8007412B7 /* MLXLLM */,
				32B9B9272FD28DE8007412B7 /* MLXLMCommon */,
				32B9B92C2FD29145007412B7 /* MLXHuggingFace */,
				32B9B92F2FD29174007412B7 /* HuggingFace */,
				32B9B9322FD2919E007412B7 /* Tokenizers */,
				32B9BABC2FD2B403007412B7 /* MLXVLM */,
				32E984152FE17D62006447E9 /* KaozJS */,
				32D1C7A22FE9A00000000002 /* FluidAudio */,
				8565D6148A9AAC2125F21780 /* KaozJSCore */,
				0FC4D1D1ECF21AFBF28151FA /* KaozKit */,
				AABBCCDD11110000EEEE00B2 /* KaozMLX */,
			);
			productName = TyKaoz;
			productReference = 32DEB2062FC2F85500BA1D98 /* TyKaoz.app */;
			productType = "com.apple.product-type.application";
		};
		32DEB2122FC2F85600BA1D98 /* TyKaozTests */ = {
			isa = PBXNativeTarget;
			buildConfigurationList = 32DEB22A2FC2F85600BA1D98 /* Build configuration list for PBXNativeTarget "TyKaozTests" */;
			buildPhases = (
				32DEB20F2FC2F85600BA1D98 /* Sources */,
				32DEB2102FC2F85600BA1D98 /* Frameworks */,
				32DEB2112FC2F85600BA1D98 /* Resources */,
			);
			buildRules = (
			);
			dependencies = (
				32DEB2152FC2F85600BA1D98 /* PBXTargetDependency */,
			);
			fileSystemSynchronizedGroups = (
				32DEB2162FC2F85600BA1D98 /* TyKaozTests */,
			);
			name = TyKaozTests;
			packageProductDependencies = (
				32E984172FE17DA9006447E9 /* KaozJS */,
			);
			productName = TyKaozTests;
			productReference = 32DEB2132FC2F85600BA1D98 /* TyKaozTests.xctest */;
			productType = "com.apple.product-type.bundle.unit-test";
		};
		32DEB21C2FC2F85600BA1D98 /* TyKaozUITests */ = {
			isa = PBXNativeTarget;
			buildConfigurationList = 32DEB22D2FC2F85600BA1D98 /* Build configuration list for PBXNativeTarget "TyKaozUITests" */;
			buildPhases = (
				32DEB2192FC2F85600BA1D98 /* Sources */,
				32DEB21A2FC2F85600BA1D98 /* Frameworks */,
				32DEB21B2FC2F85600BA1D98 /* Resources */,
			);
			buildRules = (
			);
			dependencies = (
				32DEB21F2FC2F85600BA1D98 /* PBXTargetDependency */,
			);
			fileSystemSynchronizedGroups = (
				32DEB2202FC2F85600BA1D98 /* TyKaozUITests */,
			);
			name = TyKaozUITests;
			productName = TyKaozUITests;
			productReference = 32DEB21D2FC2F85600BA1D98 /* TyKaozUITests.xctest */;
			productType = "com.apple.product-type.bundle.ui-testing";
		};
/* End PBXNativeTarget section */

/* Begin PBXProject section */
		32DEB1FE2FC2F85500BA1D98 /* Project object */ = {
			isa = PBXProject;
			attributes = {
				BuildIndependentTargetsInParallel = 1;
				LastSwiftUpdateCheck = 2650;
				LastUpgradeCheck = 2650;
				TargetAttributes = {
					32DEB2052FC2F85500BA1D98 = {
						CreatedOnToolsVersion = 26.5;
					};
					32DEB2122FC2F85600BA1D98 = {
						CreatedOnToolsVersion = 26.5;
						TestTargetID = 32DEB2052FC2F85500BA1D98;
					};
					32DEB21C2FC2F85600BA1D98 = {
						CreatedOnToolsVersion = 26.5;
						TestTargetID = 32DEB2052FC2F85500BA1D98;
					};
				};
			};
			buildConfigurationList = 32DEB2012FC2F85500BA1D98 /* Build configuration list for PBXProject "TyKaoz" */;
			developmentRegion = en;
			hasScannedForEncodings = 0;
			knownRegions = (
				en,
				Base,
			);
			mainGroup = 32DEB1FD2FC2F85500BA1D98;
			minimizedProjectReferenceProxies = 1;
			packageReferences = (
				326262862FC455B3001B46C0 /* XCRemoteSwiftPackageReference "swift-markdown-ui" */,
				7DA1B2C3D4E5F60708090003 /* XCRemoteSwiftPackageReference "GRDB" */,
				32B9B9172FD28D96007412B7 /* XCRemoteSwiftPackageReference "mlx-swift" */,
				32B9B9222FD28DE8007412B7 /* XCRemoteSwiftPackageReference "mlx-swift-lm" */,
				32B9B92E2FD29174007412B7 /* XCRemoteSwiftPackageReference "swift-huggingface" */,
				32B9B9312FD2919E007412B7 /* XCRemoteSwiftPackageReference "swift-transformers" */,
				32E984142FE17D62006447E9 /* XCLocalSwiftPackageReference "../KaozKit" */,
				32D1C7A12FE9A00000000001 /* XCRemoteSwiftPackageReference "FluidAudio" */,
			);
			preferredProjectObjectVersion = 77;
			productRefGroup = 32DEB2072FC2F85500BA1D98 /* Products */;
			projectDirPath = "";
			projectRoot = "";
			targets = (
				32DEB2052FC2F85500BA1D98 /* TyKaoz */,
				32DEB2122FC2F85600BA1D98 /* TyKaozTests */,
				32DEB21C2FC2F85600BA1D98 /* TyKaozUITests */,
			);
		};
/* End PBXProject section */

/* Begin PBXResourcesBuildPhase section */
		32DEB2042FC2F85500BA1D98 /* Resources */ = {
			isa = PBXResourcesBuildPhase;
			buildActionMask = 2147483647;
			files = (
			);
			runOnlyForDeploymentPostprocessing = 0;
		};
		32DEB2112FC2F85600BA1D98 /* Resources */ = {
			isa = PBXResourcesBuildPhase;
			buildActionMask = 2147483647;
			files = (
			);
			runOnlyForDeploymentPostprocessing = 0;
		};
		32DEB21B2FC2F85600BA1D98 /* Resources */ = {
			isa = PBXResourcesBuildPhase;
			buildActionMask = 2147483647;
			files = (
			);
			runOnlyForDeploymentPostprocessing = 0;
		};
/* End PBXResourcesBuildPhase section */

/* Begin PBXSourcesBuildPhase section */
		32DEB2022FC2F85500BA1D98 /* Sources */ = {
			isa = PBXSourcesBuildPhase;
			buildActionMask = 2147483647;
			files = (
			);
			runOnlyForDeploymentPostprocessing = 0;
		};
		32DEB20F2FC2F85600BA1D98 /* Sources */ = {
			isa = PBXSourcesBuildPhase;
			buildActionMask = 2147483647;
			files = (
			);
			runOnlyForDeploymentPostprocessing = 0;
		};
		32DEB2192FC2F85600BA1D98 /* Sources */ = {
			isa = PBXSourcesBuildPhase;
			buildActionMask = 2147483647;
			files = (
			);
			runOnlyForDeploymentPostprocessing = 0;
		};
/* End PBXSourcesBuildPhase section */

/* Begin PBXTargetDependency section */
		32DEB2152FC2F85600BA1D98 /* PBXTargetDependency */ = {
			isa = PBXTargetDependency;
			target = 32DEB2052FC2F85500BA1D98 /* TyKaoz */;
			targetProxy = 32DEB2142FC2F85600BA1D98 /* PBXContainerItemProxy */;
		};
		32DEB21F2FC2F85600BA1D98 /* PBXTargetDependency */ = {
			isa = PBXTargetDependency;
			target = 32DEB2052FC2F85500BA1D98 /* TyKaoz */;
			targetProxy = 32DEB21E2FC2F85600BA1D98 /* PBXContainerItemProxy */;
		};
/* End PBXTargetDependency section */

/* Begin XCBuildConfiguration section */
		32DEB2252FC2F85600BA1D98 /* Debug */ = {
			isa = XCBuildConfiguration;
			buildSettings = {
				ALWAYS_SEARCH_USER_PATHS = NO;
				ASSETCATALOG_COMPILER_GENERATE_SWIFT_ASSET_SYMBOL_EXTENSIONS = YES;
				CLANG_ANALYZER_NONNULL = YES;
				CLANG_ANALYZER_NUMBER_OBJECT_CONVERSION = YES_AGGRESSIVE;
				CLANG_CXX_LANGUAGE_STANDARD = "gnu++20";
				CLANG_ENABLE_MODULES = YES;
				CLANG_ENABLE_OBJC_ARC = YES;
				CLANG_ENABLE_OBJC_WEAK = YES;
				CLANG_WARN_BLOCK_CAPTURE_AUTORELEASING = YES;
				CLANG_WARN_BOOL_CONVERSION = YES;
				CLANG_WARN_COMMA = YES;
				CLANG_WARN_CONSTANT_CONVERSION = YES;
				CLANG_WARN_DEPRECATED_OBJC_IMPLEMENTATIONS = YES;
				CLANG_WARN_DIRECT_OBJC_ISA_USAGE = YES_ERROR;
				CLANG_WARN_DOCUMENTATION_COMMENTS = YES;
				CLANG_WARN_EMPTY_BODY = YES;
				CLANG_WARN_ENUM_CONVERSION = YES;
				CLANG_WARN_INFINITE_RECURSION = YES;
				CLANG_WARN_INT_CONVERSION = YES;
				CLANG_WARN_NON_LITERAL_NULL_CONVERSION = YES;
				CLANG_WARN_OBJC_IMPLICIT_RETAIN_SELF = YES;
				CLANG_WARN_OBJC_LITERAL_CONVERSION = YES;
				CLANG_WARN_OBJC_ROOT_CLASS = YES_ERROR;
				CLANG_WARN_QUOTED_INCLUDE_IN_FRAMEWORK_HEADER = YES;
				CLANG_WARN_RANGE_LOOP_ANALYSIS = YES;
				CLANG_WARN_STRICT_PROTOTYPES = YES;
				CLANG_WARN_SUSPICIOUS_MOVE = YES;
				CLANG_WARN_UNGUARDED_AVAILABILITY = YES_AGGRESSIVE;
				CLANG_WARN_UNREACHABLE_CODE = YES;
				CLANG_WARN__DUPLICATE_METHOD_MATCH = YES;
				COPY_PHASE_STRIP = NO;
				DEBUG_INFORMATION_FORMAT = dwarf;
				DEVELOPMENT_TEAM = 82FW35VV68;
				ENABLE_STRICT_OBJC_MSGSEND = YES;
				ENABLE_TESTABILITY = YES;
				ENABLE_USER_SCRIPT_SANDBOXING = YES;
				GCC_C_LANGUAGE_STANDARD = gnu17;
				GCC_DYNAMIC_NO_PIC = NO;
				GCC_NO_COMMON_BLOCKS = YES;
				GCC_OPTIMIZATION_LEVEL = 0;
				GCC_PREPROCESSOR_DEFINITIONS = (
					"DEBUG=1",
					"$(inherited)",
				);
				GCC_WARN_64_TO_32_BIT_CONVERSION = YES;
				GCC_WARN_ABOUT_RETURN_TYPE = YES_ERROR;
				GCC_WARN_UNDECLARED_SELECTOR = YES;
				GCC_WARN_UNINITIALIZED_AUTOS = YES_AGGRESSIVE;
				GCC_WARN_UNUSED_FUNCTION = YES;
				GCC_WARN_UNUSED_VARIABLE = YES;
				LOCALIZATION_PREFERS_STRING_CATALOGS = YES;
				MTL_ENABLE_DEBUG_INFO = INCLUDE_SOURCE;
				MTL_FAST_MATH = YES;
				ONLY_ACTIVE_ARCH = YES;
				SWIFT_ACTIVE_COMPILATION_CONDITIONS = "DEBUG $(inherited)";
				SWIFT_OPTIMIZATION_LEVEL = "-Onone";
			};
			name = Debug;
		};
		32DEB2262FC2F85600BA1D98 /* Release */ = {
			isa = XCBuildConfiguration;
			buildSettings = {
				ALWAYS_SEARCH_USER_PATHS = NO;
				ASSETCATALOG_COMPILER_GENERATE_SWIFT_ASSET_SYMBOL_EXTENSIONS = YES;
				CLANG_ANALYZER_NONNULL = YES;
				CLANG_ANALYZER_NUMBER_OBJECT_CONVERSION = YES_AGGRESSIVE;
				CLANG_CXX_LANGUAGE_STANDARD = "gnu++20";
				CLANG_ENABLE_MODULES = YES;
				CLANG_ENABLE_OBJC_ARC = YES;
				CLANG_ENABLE_OBJC_WEAK = YES;
				CLANG_WARN_BLOCK_CAPTURE_AUTORELEASING = YES;
				CLANG_WARN_BOOL_CONVERSION = YES;
				CLANG_WARN_COMMA = YES;
				CLANG_WARN_CONSTANT_CONVERSION = YES;
				CLANG_WARN_DEPRECATED_OBJC_IMPLEMENTATIONS = YES;
				CLANG_WARN_DIRECT_OBJC_ISA_USAGE = YES_ERROR;
				CLANG_WARN_DOCUMENTATION_COMMENTS = YES;
				CLANG_WARN_EMPTY_BODY = YES;
				CLANG_WARN_ENUM_CONVERSION = YES;
				CLANG_WARN_INFINITE_RECURSION = YES;
				CLANG_WARN_INT_CONVERSION = YES;
				CLANG_WARN_NON_LITERAL_NULL_CONVERSION = YES;
				CLANG_WARN_OBJC_IMPLICIT_RETAIN_SELF = YES;
				CLANG_WARN_OBJC_LITERAL_CONVERSION = YES;
				CLANG_WARN_OBJC_ROOT_CLASS = YES_ERROR;
				CLANG_WARN_QUOTED_INCLUDE_IN_FRAMEWORK_HEADER = YES;
				CLANG_WARN_RANGE_LOOP_ANALYSIS = YES;
				CLANG_WARN_STRICT_PROTOTYPES = YES;
				CLANG_WARN_SUSPICIOUS_MOVE = YES;
				CLANG_WARN_UNGUARDED_AVAILABILITY = YES_AGGRESSIVE;
				CLANG_WARN_UNREACHABLE_CODE = YES;
				CLANG_WARN__DUPLICATE_METHOD_MATCH = YES;
				COPY_PHASE_STRIP = NO;
				DEBUG_INFORMATION_FORMAT = "dwarf-with-dsym";
				DEVELOPMENT_TEAM = 82FW35VV68;
				ENABLE_NS_ASSERTIONS = NO;
				ENABLE_STRICT_OBJC_MSGSEND = YES;
				ENABLE_USER_SCRIPT_SANDBOXING = YES;
				GCC_C_LANGUAGE_STANDARD = gnu17;
				GCC_NO_COMMON_BLOCKS = YES;
				GCC_WARN_64_TO_32_BIT_CONVERSION = YES;
				GCC_WARN_ABOUT_RETURN_TYPE = YES_ERROR;
				GCC_WARN_UNDECLARED_SELECTOR = YES;
				GCC_WARN_UNINITIALIZED_AUTOS = YES_AGGRESSIVE;
				GCC_WARN_UNUSED_FUNCTION = YES;
				GCC_WARN_UNUSED_VARIABLE = YES;
				LOCALIZATION_PREFERS_STRING_CATALOGS = YES;
				MTL_ENABLE_DEBUG_INFO = NO;
				MTL_FAST_MATH = YES;
				SWIFT_COMPILATION_MODE = wholemodule;
			};
			name = Release;
		};
		32DEB2282FC2F85600BA1D98 /* Debug */ = {
			isa = XCBuildConfiguration;
			buildSettings = {
				ASSETCATALOG_COMPILER_APPICON_NAME = AppIcon;
				ASSETCATALOG_COMPILER_GLOBAL_ACCENT_COLOR_NAME = AccentColor;
				CODE_SIGN_ENTITLEMENTS = TyKaoz/TyKaoz.entitlements;
				"CODE_SIGN_IDENTITY[sdk=macosx*]" = "Apple Development";
				CODE_SIGN_STYLE = Automatic;
				CURRENT_PROJECT_VERSION = 1;
				DEVELOPMENT_TEAM = 82FW35VV68;
				ENABLE_APP_SANDBOX = YES;
				ENABLE_HARDENED_RUNTIME = YES;
				ENABLE_PREVIEWS = YES;
				ENABLE_USER_SELECTED_FILES = readonly;
				EXCLUDED_SOURCE_FILE_NAMES = .gitkeep;
				GCC_PREPROCESSOR_DEFINITIONS = (
					"$(inherited)",
					"SQLITE_CORE=1",
				);
				GENERATE_INFOPLIST_FILE = YES;
				INFOPLIST_KEY_ATSApplicationFontsPath = Fonts;
				INFOPLIST_KEY_LSApplicationCategoryType = "public.app-category.utilities";
				INFOPLIST_KEY_NSLocationUsageDescription = "TyKaoz utilise votre position pour l'outil current_location lorsqu'un modèle vous le demande.";
				INFOPLIST_KEY_NSLocationWhenInUseUsageDescription = "TyKaoz utilise votre position pour l'outil current_location lorsqu'un modèle vous le demande.";
				INFOPLIST_KEY_NSMicrophoneUsageDescription = "TyKaoz utilise le micro pour dicter vos messages.";
				INFOPLIST_KEY_NSSpeechRecognitionUsageDescription = "TyKaoz transcrit votre voix en texte, en local.";
				"INFOPLIST_KEY_UIApplicationSceneManifest_Generation[sdk=iphoneos*]" = YES;
				"INFOPLIST_KEY_UIApplicationSceneManifest_Generation[sdk=iphonesimulator*]" = YES;
				"INFOPLIST_KEY_UIApplicationSupportsIndirectInputEvents[sdk=iphoneos*]" = YES;
				"INFOPLIST_KEY_UIApplicationSupportsIndirectInputEvents[sdk=iphonesimulator*]" = YES;
				"INFOPLIST_KEY_UILaunchScreen_Generation[sdk=iphoneos*]" = YES;
				"INFOPLIST_KEY_UILaunchScreen_Generation[sdk=iphonesimulator*]" = YES;
				"INFOPLIST_KEY_UIStatusBarStyle[sdk=iphoneos*]" = UIStatusBarStyleDefault;
				"INFOPLIST_KEY_UIStatusBarStyle[sdk=iphonesimulator*]" = UIStatusBarStyleDefault;
				INFOPLIST_KEY_UISupportedInterfaceOrientations_iPad = "UIInterfaceOrientationPortrait UIInterfaceOrientationPortraitUpsideDown UIInterfaceOrientationLandscapeLeft UIInterfaceOrientationLandscapeRight";
				INFOPLIST_KEY_UISupportedInterfaceOrientations_iPhone = "UIInterfaceOrientationPortrait UIInterfaceOrientationLandscapeLeft UIInterfaceOrientationLandscapeRight";
				LD_RUNPATH_SEARCH_PATHS = "@executable_path/Frameworks";
				"LD_RUNPATH_SEARCH_PATHS[sdk=macosx*]" = "@executable_path/../Frameworks";
				MACOSX_DEPLOYMENT_TARGET = 26.5;
				MARKETING_VERSION = 1.0;
				PRODUCT_BUNDLE_IDENTIFIER = net.haruni.TyKaoz;
				PRODUCT_NAME = "$(TARGET_NAME)";
				REGISTER_APP_GROUPS = YES;
				SDKROOT = macosx;
				STRING_CATALOG_GENERATE_SYMBOLS = YES;
				SUPPORTED_PLATFORMS = macosx;
				SWIFT_APPROACHABLE_CONCURRENCY = YES;
				SWIFT_DEFAULT_ACTOR_ISOLATION = MainActor;
				SWIFT_EMIT_LOC_STRINGS = YES;
				SWIFT_INCLUDE_PATHS = "$(SRCROOT)/TyKaoz/Vendor/sqlite-vec";
				SWIFT_UPCOMING_FEATURE_MEMBER_IMPORT_VISIBILITY = YES;
				SWIFT_VERSION = 5.0;
			};
			name = Debug;
		};
		32DEB2292FC2F85600BA1D98 /* Release */ = {
			isa = XCBuildConfiguration;
			buildSettings = {
				ASSETCATALOG_COMPILER_APPICON_NAME = AppIcon;
				ASSETCATALOG_COMPILER_GLOBAL_ACCENT_COLOR_NAME = AccentColor;
				CODE_SIGN_ENTITLEMENTS = TyKaoz/TyKaoz.entitlements;
				"CODE_SIGN_IDENTITY[sdk=macosx*]" = "Apple Development";
				CODE_SIGN_STYLE = Automatic;
				CURRENT_PROJECT_VERSION = 1;
				DEVELOPMENT_TEAM = 82FW35VV68;
				ENABLE_APP_SANDBOX = YES;
				ENABLE_HARDENED_RUNTIME = YES;
				ENABLE_PREVIEWS = YES;
				ENABLE_USER_SELECTED_FILES = readonly;
				EXCLUDED_SOURCE_FILE_NAMES = .gitkeep;
				GCC_PREPROCESSOR_DEFINITIONS = (
					"$(inherited)",
					"SQLITE_CORE=1",
				);
				GENERATE_INFOPLIST_FILE = YES;
				INFOPLIST_KEY_ATSApplicationFontsPath = Fonts;
				INFOPLIST_KEY_LSApplicationCategoryType = "public.app-category.utilities";
				INFOPLIST_KEY_NSLocationUsageDescription = "TyKaoz utilise votre position pour l'outil current_location lorsqu'un modèle vous le demande.";
				INFOPLIST_KEY_NSLocationWhenInUseUsageDescription = "TyKaoz utilise votre position pour l'outil current_location lorsqu'un modèle vous le demande.";
				INFOPLIST_KEY_NSMicrophoneUsageDescription = "TyKaoz utilise le micro pour dicter vos messages.";
				INFOPLIST_KEY_NSSpeechRecognitionUsageDescription = "TyKaoz transcrit votre voix en texte, en local.";
				"INFOPLIST_KEY_UIApplicationSceneManifest_Generation[sdk=iphoneos*]" = YES;
				"INFOPLIST_KEY_UIApplicationSceneManifest_Generation[sdk=iphonesimulator*]" = YES;
				"INFOPLIST_KEY_UIApplicationSupportsIndirectInputEvents[sdk=iphoneos*]" = YES;
				"INFOPLIST_KEY_UIApplicationSupportsIndirectInputEvents[sdk=iphonesimulator*]" = YES;
				"INFOPLIST_KEY_UILaunchScreen_Generation[sdk=iphoneos*]" = YES;
				"INFOPLIST_KEY_UILaunchScreen_Generation[sdk=iphonesimulator*]" = YES;
				"INFOPLIST_KEY_UIStatusBarStyle[sdk=iphoneos*]" = UIStatusBarStyleDefault;
				"INFOPLIST_KEY_UIStatusBarStyle[sdk=iphonesimulator*]" = UIStatusBarStyleDefault;
				INFOPLIST_KEY_UISupportedInterfaceOrientations_iPad = "UIInterfaceOrientationPortrait UIInterfaceOrientationPortraitUpsideDown UIInterfaceOrientationLandscapeLeft UIInterfaceOrientationLandscapeRight";
				INFOPLIST_KEY_UISupportedInterfaceOrientations_iPhone = "UIInterfaceOrientationPortrait UIInterfaceOrientationLandscapeLeft UIInterfaceOrientationLandscapeRight";
				LD_RUNPATH_SEARCH_PATHS = "@executable_path/Frameworks";
				"LD_RUNPATH_SEARCH_PATHS[sdk=macosx*]" = "@executable_path/../Frameworks";
				MACOSX_DEPLOYMENT_TARGET = 26.5;
				MARKETING_VERSION = 1.0;
				PRODUCT_BUNDLE_IDENTIFIER = net.haruni.TyKaoz;
				PRODUCT_NAME = "$(TARGET_NAME)";
				REGISTER_APP_GROUPS = YES;
				SDKROOT = macosx;
				STRING_CATALOG_GENERATE_SYMBOLS = YES;
				SUPPORTED_PLATFORMS = macosx;
				SWIFT_APPROACHABLE_CONCURRENCY = YES;
				SWIFT_DEFAULT_ACTOR_ISOLATION = MainActor;
				SWIFT_EMIT_LOC_STRINGS = YES;
				SWIFT_INCLUDE_PATHS = "$(SRCROOT)/TyKaoz/Vendor/sqlite-vec";
				SWIFT_UPCOMING_FEATURE_MEMBER_IMPORT_VISIBILITY = YES;
				SWIFT_VERSION = 5.0;
			};
			name = Release;
		};
		32DEB22B2FC2F85600BA1D98 /* Debug */ = {
			isa = XCBuildConfiguration;
			buildSettings = {
				BUNDLE_LOADER = "$(TEST_HOST)";
				CODE_SIGN_STYLE = Automatic;
				CURRENT_PROJECT_VERSION = 1;
				DEVELOPMENT_TEAM = 82FW35VV68;
				GCC_PREPROCESSOR_DEFINITIONS = (
					"$(inherited)",
					"SQLITE_CORE=1",
				);
				GENERATE_INFOPLIST_FILE = YES;
				INFOPLIST_KEY_ATSApplicationFontsPath = Fonts;
				INFOPLIST_KEY_NSLocationUsageDescription = "TyKaoz utilise votre position pour l'outil current_location lorsqu'un modèle vous le demande.";
				INFOPLIST_KEY_NSLocationWhenInUseUsageDescription = "TyKaoz utilise votre position pour l'outil current_location lorsqu'un modèle vous le demande.";
				MACOSX_DEPLOYMENT_TARGET = 26.5;
				MARKETING_VERSION = 1.0;
				PRODUCT_BUNDLE_IDENTIFIER = net.haruni.TyKaozTests;
				PRODUCT_NAME = "$(TARGET_NAME)";
				SDKROOT = macosx;
				STRING_CATALOG_GENERATE_SYMBOLS = NO;
				SUPPORTED_PLATFORMS = macosx;
				SWIFT_APPROACHABLE_CONCURRENCY = YES;
				SWIFT_EMIT_LOC_STRINGS = NO;
				SWIFT_INCLUDE_PATHS = "$(SRCROOT)/TyKaoz/Vendor/sqlite-vec";
				SWIFT_UPCOMING_FEATURE_MEMBER_IMPORT_VISIBILITY = YES;
				SWIFT_VERSION = 5.0;
				TEST_HOST = "$(BUILT_PRODUCTS_DIR)/TyKaoz.app/$(BUNDLE_EXECUTABLE_FOLDER_PATH)/TyKaoz";
			};
			name = Debug;
		};
		32DEB22C2FC2F85600BA1D98 /* Release */ = {
			isa = XCBuildConfiguration;
			buildSettings = {
				BUNDLE_LOADER = "$(TEST_HOST)";
				CODE_SIGN_STYLE = Automatic;
				CURRENT_PROJECT_VERSION = 1;
				DEVELOPMENT_TEAM = 82FW35VV68;
				GCC_PREPROCESSOR_DEFINITIONS = (
					"$(inherited)",
					"SQLITE_CORE=1",
				);
				GENERATE_INFOPLIST_FILE = YES;
				INFOPLIST_KEY_ATSApplicationFontsPath = Fonts;
				INFOPLIST_KEY_NSLocationUsageDescription = "TyKaoz utilise votre position pour l'outil current_location lorsqu'un modèle vous le demande.";
				INFOPLIST_KEY_NSLocationWhenInUseUsageDescription = "TyKaoz utilise votre position pour l'outil current_location lorsqu'un modèle vous le demande.";
				MACOSX_DEPLOYMENT_TARGET = 26.5;
				MARKETING_VERSION = 1.0;
				PRODUCT_BUNDLE_IDENTIFIER = net.haruni.TyKaozTests;
				PRODUCT_NAME = "$(TARGET_NAME)";
				SDKROOT = macosx;
				STRING_CATALOG_GENERATE_SYMBOLS = NO;
				SUPPORTED_PLATFORMS = macosx;
				SWIFT_APPROACHABLE_CONCURRENCY = YES;
				SWIFT_EMIT_LOC_STRINGS = NO;
				SWIFT_INCLUDE_PATHS = "$(SRCROOT)/TyKaoz/Vendor/sqlite-vec";
				SWIFT_UPCOMING_FEATURE_MEMBER_IMPORT_VISIBILITY = YES;
				SWIFT_VERSION = 5.0;
				TEST_HOST = "$(BUILT_PRODUCTS_DIR)/TyKaoz.app/$(BUNDLE_EXECUTABLE_FOLDER_PATH)/TyKaoz";
			};
			name = Release;
		};
		32DEB22E2FC2F85600BA1D98 /* Debug */ = {
			isa = XCBuildConfiguration;
			buildSettings = {
				CODE_SIGN_STYLE = Automatic;
				CURRENT_PROJECT_VERSION = 1;
				DEVELOPMENT_TEAM = 82FW35VV68;
				GCC_PREPROCESSOR_DEFINITIONS = (
					"$(inherited)",
					"SQLITE_CORE=1",
				);
				GENERATE_INFOPLIST_FILE = YES;
				INFOPLIST_KEY_ATSApplicationFontsPath = Fonts;
				INFOPLIST_KEY_NSLocationUsageDescription = "TyKaoz utilise votre position pour l'outil current_location lorsqu'un modèle vous le demande.";
				INFOPLIST_KEY_NSLocationWhenInUseUsageDescription = "TyKaoz utilise votre position pour l'outil current_location lorsqu'un modèle vous le demande.";
				MACOSX_DEPLOYMENT_TARGET = 26.5;
				MARKETING_VERSION = 1.0;
				PRODUCT_BUNDLE_IDENTIFIER = net.haruni.TyKaozUITests;
				PRODUCT_NAME = "$(TARGET_NAME)";
				SDKROOT = macosx;
				STRING_CATALOG_GENERATE_SYMBOLS = NO;
				SUPPORTED_PLATFORMS = macosx;
				SWIFT_APPROACHABLE_CONCURRENCY = YES;
				SWIFT_EMIT_LOC_STRINGS = NO;
				SWIFT_INCLUDE_PATHS = "$(SRCROOT)/TyKaoz/Vendor/sqlite-vec";
				SWIFT_UPCOMING_FEATURE_MEMBER_IMPORT_VISIBILITY = YES;
				SWIFT_VERSION = 5.0;
				TEST_TARGET_NAME = TyKaoz;
			};
			name = Debug;
		};
		32DEB22F2FC2F85600BA1D98 /* Release */ = {
			isa = XCBuildConfiguration;
			buildSettings = {
				CODE_SIGN_STYLE = Automatic;
				CURRENT_PROJECT_VERSION = 1;
				DEVELOPMENT_TEAM = 82FW35VV68;
				GCC_PREPROCESSOR_DEFINITIONS = (
					"$(inherited)",
					"SQLITE_CORE=1",
				);
				GENERATE_INFOPLIST_FILE = YES;
				INFOPLIST_KEY_ATSApplicationFontsPath = Fonts;
				INFOPLIST_KEY_NSLocationUsageDescription = "TyKaoz utilise votre position pour l'outil current_location lorsqu'un modèle vous le demande.";
				INFOPLIST_KEY_NSLocationWhenInUseUsageDescription = "TyKaoz utilise votre position pour l'outil current_location lorsqu'un modèle vous le demande.";
				MACOSX_DEPLOYMENT_TARGET = 26.5;
				MARKETING_VERSION = 1.0;
				PRODUCT_BUNDLE_IDENTIFIER = net.haruni.TyKaozUITests;
				PRODUCT_NAME = "$(TARGET_NAME)";
				SDKROOT = macosx;
				STRING_CATALOG_GENERATE_SYMBOLS = NO;
				SUPPORTED_PLATFORMS = macosx;
				SWIFT_APPROACHABLE_CONCURRENCY = YES;
				SWIFT_EMIT_LOC_STRINGS = NO;
				SWIFT_INCLUDE_PATHS = "$(SRCROOT)/TyKaoz/Vendor/sqlite-vec";
				SWIFT_UPCOMING_FEATURE_MEMBER_IMPORT_VISIBILITY = YES;
				SWIFT_VERSION = 5.0;
				TEST_TARGET_NAME = TyKaoz;
			};
			name = Release;
		};
/* End XCBuildConfiguration section */

/* Begin XCConfigurationList section */
		32DEB2012FC2F85500BA1D98 /* Build configuration list for PBXProject "TyKaoz" */ = {
			isa = XCConfigurationList;
			buildConfigurations = (
				32DEB2252FC2F85600BA1D98 /* Debug */,
				32DEB2262FC2F85600BA1D98 /* Release */,
			);
			defaultConfigurationIsVisible = 0;
			defaultConfigurationName = Release;
		};
		32DEB2272FC2F85600BA1D98 /* Build configuration list for PBXNativeTarget "TyKaoz" */ = {
			isa = XCConfigurationList;
			buildConfigurations = (
				32DEB2282FC2F85600BA1D98 /* Debug */,
				32DEB2292FC2F85600BA1D98 /* Release */,
			);
			defaultConfigurationIsVisible = 0;
			defaultConfigurationName = Release;
		};
		32DEB22A2FC2F85600BA1D98 /* Build configuration list for PBXNativeTarget "TyKaozTests" */ = {
			isa = XCConfigurationList;
			buildConfigurations = (
				32DEB22B2FC2F85600BA1D98 /* Debug */,
				32DEB22C2FC2F85600BA1D98 /* Release */,
			);
			defaultConfigurationIsVisible = 0;
			defaultConfigurationName = Release;
		};
		32DEB22D2FC2F85600BA1D98 /* Build configuration list for PBXNativeTarget "TyKaozUITests" */ = {
			isa = XCConfigurationList;
			buildConfigurations = (
				32DEB22E2FC2F85600BA1D98 /* Debug */,
				32DEB22F2FC2F85600BA1D98 /* Release */,
			);
			defaultConfigurationIsVisible = 0;
			defaultConfigurationName = Release;
		};
/* End XCConfigurationList section */

/* Begin XCLocalSwiftPackageReference section */
		32E984142FE17D62006447E9 /* XCLocalSwiftPackageReference "../KaozKit" */ = {
			isa = XCLocalSwiftPackageReference;
			relativePath = ../KaozKit;
		};
/* End XCLocalSwiftPackageReference section */

/* Begin XCRemoteSwiftPackageReference section */
		326262862FC455B3001B46C0 /* XCRemoteSwiftPackageReference "swift-markdown-ui" */ = {
			isa = XCRemoteSwiftPackageReference;
			repositoryURL = "https://github.com/gonzalezreal/swift-markdown-ui";
			requirement = {
				kind = upToNextMajorVersion;
				minimumVersion = 2.4.1;
			};
		};
		32B9B9172FD28D96007412B7 /* XCRemoteSwiftPackageReference "mlx-swift" */ = {
			isa = XCRemoteSwiftPackageReference;
			repositoryURL = "https://github.com/ml-explore/mlx-swift";
			requirement = {
				kind = upToNextMajorVersion;
				minimumVersion = 0.31.4;
			};
		};
		32B9B9222FD28DE8007412B7 /* XCRemoteSwiftPackageReference "mlx-swift-lm" */ = {
			isa = XCRemoteSwiftPackageReference;
			repositoryURL = "https://github.com/ml-explore/mlx-swift-lm";
			requirement = {
				kind = upToNextMajorVersion;
				minimumVersion = 3.31.3;
			};
		};
		32B9B92E2FD29174007412B7 /* XCRemoteSwiftPackageReference "swift-huggingface" */ = {
			isa = XCRemoteSwiftPackageReference;
			repositoryURL = "https://github.com/huggingface/swift-huggingface";
			requirement = {
				kind = upToNextMajorVersion;
				minimumVersion = 0.9.0;
			};
		};
		32B9B9312FD2919E007412B7 /* XCRemoteSwiftPackageReference "swift-transformers" */ = {
			isa = XCRemoteSwiftPackageReference;
			repositoryURL = "https://github.com/huggingface/swift-transformers";
			requirement = {
				kind = upToNextMajorVersion;
				minimumVersion = 1.3.3;
			};
		};
		32D1C7A12FE9A00000000001 /* XCRemoteSwiftPackageReference "FluidAudio" */ = {
			isa = XCRemoteSwiftPackageReference;
			repositoryURL = "https://github.com/FluidInference/FluidAudio";
			requirement = {
				kind = upToNextMajorVersion;
				minimumVersion = 0.12.0;
			};
		};
		7DA1B2C3D4E5F60708090003 /* XCRemoteSwiftPackageReference "GRDB" */ = {
			isa = XCRemoteSwiftPackageReference;
			repositoryURL = "https://github.com/groue/GRDB.swift";
			requirement = {
				kind = upToNextMajorVersion;
				minimumVersion = 7.0.0;
			};
		};
/* End XCRemoteSwiftPackageReference section */

/* Begin XCSwiftPackageProductDependency section */
		0FC4D1D1ECF21AFBF28151FA /* KaozKit */ = {
			isa = XCSwiftPackageProductDependency;
			package = 32E984142FE17D62006447E9 /* XCLocalSwiftPackageReference "../KaozKit" */;
			productName = KaozKit;
		};
		326262872FC455B3001B46C0 /* MarkdownUI */ = {
			isa = XCSwiftPackageProductDependency;
			package = 326262862FC455B3001B46C0 /* XCRemoteSwiftPackageReference "swift-markdown-ui" */;
			productName = MarkdownUI;
		};
		32B9B9182FD28D96007412B7 /* MLX */ = {
			isa = XCSwiftPackageProductDependency;
			package = 32B9B9172FD28D96007412B7 /* XCRemoteSwiftPackageReference "mlx-swift" */;
			productName = MLX;
		};
		32B9B91A2FD28D96007412B7 /* MLXFast */ = {
			isa = XCSwiftPackageProductDependency;
			package = 32B9B9172FD28D96007412B7 /* XCRemoteSwiftPackageReference "mlx-swift" */;
			productName = MLXFast;
		};
		32B9B91C2FD28D96007412B7 /* MLXLinalg */ = {
			isa = XCSwiftPackageProductDependency;
			package = 32B9B9172FD28D96007412B7 /* XCRemoteSwiftPackageReference "mlx-swift" */;
			productName = MLXLinalg;
		};
		32B9B91E2FD28D96007412B7 /* MLXNN */ = {
			isa = XCSwiftPackageProductDependency;
			package = 32B9B9172FD28D96007412B7 /* XCRemoteSwiftPackageReference "mlx-swift" */;
			productName = MLXNN;
		};
		32B9B9202FD28D96007412B7 /* MLXRandom */ = {
			isa = XCSwiftPackageProductDependency;
			package = 32B9B9172FD28D96007412B7 /* XCRemoteSwiftPackageReference "mlx-swift" */;
			productName = MLXRandom;
		};
		32B9B9232FD28DE8007412B7 /* MLXEmbedders */ = {
			isa = XCSwiftPackageProductDependency;
			package = 32B9B9222FD28DE8007412B7 /* XCRemoteSwiftPackageReference "mlx-swift-lm" */;
			productName = MLXEmbedders;
		};
		32B9B9252FD28DE8007412B7 /* MLXLLM */ = {
			isa = XCSwiftPackageProductDependency;
			package = 32B9B9222FD28DE8007412B7 /* XCRemoteSwiftPackageReference "mlx-swift-lm" */;
			productName = MLXLLM;
		};
		32B9B9272FD28DE8007412B7 /* MLXLMCommon */ = {
			isa = XCSwiftPackageProductDependency;
			package = 32B9B9222FD28DE8007412B7 /* XCRemoteSwiftPackageReference "mlx-swift-lm" */;
			productName = MLXLMCommon;
		};
		32B9B92C2FD29145007412B7 /* MLXHuggingFace */ = {
			isa = XCSwiftPackageProductDependency;
			package = 32B9B9222FD28DE8007412B7 /* XCRemoteSwiftPackageReference "mlx-swift-lm" */;
			productName = MLXHuggingFace;
		};
		32B9B92F2FD29174007412B7 /* HuggingFace */ = {
			isa = XCSwiftPackageProductDependency;
			package = 32B9B92E2FD29174007412B7 /* XCRemoteSwiftPackageReference "swift-huggingface" */;
			productName = HuggingFace;
		};
		32B9B9322FD2919E007412B7 /* Tokenizers */ = {
			isa = XCSwiftPackageProductDependency;
			package = 32B9B9312FD2919E007412B7 /* XCRemoteSwiftPackageReference "swift-transformers" */;
			productName = Tokenizers;
		};
		32B9BABC2FD2B403007412B7 /* MLXVLM */ = {
			isa = XCSwiftPackageProductDependency;
			package = 32B9B9222FD28DE8007412B7 /* XCRemoteSwiftPackageReference "mlx-swift-lm" */;
			productName = MLXVLM;
		};
		32D1C7A22FE9A00000000002 /* FluidAudio */ = {
			isa = XCSwiftPackageProductDependency;
			package = 32D1C7A12FE9A00000000001 /* XCRemoteSwiftPackageReference "FluidAudio" */;
			productName = FluidAudio;
		};
		32E984152FE17D62006447E9 /* KaozJS */ = {
			isa = XCSwiftPackageProductDependency;
			productName = KaozJS;
		};
		32E984172FE17DA9006447E9 /* KaozJS */ = {
			isa = XCSwiftPackageProductDependency;
			package = 32E984142FE17D62006447E9 /* XCLocalSwiftPackageReference "../KaozKit" */;
			productName = KaozJS;
		};
		7DA1B2C3D4E5F60708090002 /* GRDB */ = {
			isa = XCSwiftPackageProductDependency;
			package = 7DA1B2C3D4E5F60708090003 /* XCRemoteSwiftPackageReference "GRDB" */;
			productName = GRDB;
		};
		8565D6148A9AAC2125F21780 /* KaozJSCore */ = {
			isa = XCSwiftPackageProductDependency;
			package = 32E984142FE17D62006447E9 /* XCLocalSwiftPackageReference "../KaozKit" */;
			productName = KaozJSCore;
		};
		AABBCCDD11110000EEEE00B2 /* KaozMLX */ = {
			isa = XCSwiftPackageProductDependency;
			package = 32E984142FE17D62006447E9 /* XCLocalSwiftPackageReference "../KaozKit" */;
			productName = KaozMLX;
		};
/* End XCSwiftPackageProductDependency section */
	};
	rootObject = 32DEB1FE2FC2F85500BA1D98 /* Project object */;
}
